
Microsoft Visual Studio Solution File, Format Version 12.00
# Visual Studio Version 17
VisualStudioVersion = 17.8.34525.116
MinimumVisualStudioVersion = 10.0.40219.1
Project("{FAE04EC0-301F-11D3-BF4B-00C04F79EFBC}") = "SortedDictionary", "SortedDictionary\SortedDictionary.csproj", "{F32AD1D7-40BA-40C1-9499-F791CE737E07}"
EndProject
Global
	GlobalSection(SolutionConfigurationPlatforms) = preSolution
		Debug|Any CPU = Debug|Any CPU
		Release|Any CPU = Release|Any CPU
	EndGlobalSection
	GlobalSection(ProjectConfigurationPlatforms) = postSolution
		{F32AD1D7-40BA-40C1-9499-F791CE737E07}.Debug|Any CPU.ActiveCfg = Debug|Any CPU
		{F32AD1D7-40BA-40C1-9499-F791CE737E07}.Debug|Any CPU.Build.0 = Debug|Any CPU
		{F32AD1D7-40BA-40C1-9499-F791CE737E07}.Release|Any CPU.ActiveCfg = Release|Any CPU
		{F32AD1D7-40BA-40C1-9499-F791CE737E07}.Release|Any CPU.Build.0 = Release|Any CPU
	EndGlobalSection
	GlobalSection(SolutionProperties) = preSolution
		HideSolutionNode = FALSE
	EndGlobalSection
	GlobalSection(ExtensibilityGlobals) = postSolution
		SolutionGuid = {0F3AAE9B-2D93-4DF1-B687-135073914E3B}
	EndGlobalSection
EndGlobal
